
Microsoft Visual Studio Solution File, Format Version 12.00
# Visual Studio 15
VisualStudioVersion = 15.0.27130.2036
MinimumVisualStudioVersion = 10.0.40219.1
Project("{FAE04EC0-301F-11D3-BF4B-00C04F79EFBC}") = "EFCAndroid", "EFCAndroid\EFCAndroid.csproj", "{1F141C3E-3DF1-44C7-9891-CB085F5E7965}"
EndProject
Global
	GlobalSection(SolutionConfigurationPlatforms) = preSolution
		Debug|Any CPU = Debug|Any CPU
		Release|Any CPU = Release|Any CPU
	EndGlobalSection
	GlobalSection(ProjectConfigurationPlatforms) = postSolution
		{1F141C3E-3DF1-44C7-9891-CB085F5E7965}.Debug|Any CPU.ActiveCfg = Debug|Any CPU
		{1F141C3E-3DF1-44C7-9891-CB085F5E7965}.Debug|Any CPU.Build.0 = Debug|Any CPU
		{1F141C3E-3DF1-44C7-9891-CB085F5E7965}.Debug|Any CPU.Deploy.0 = Debug|Any CPU
		{1F141C3E-3DF1-44C7-9891-CB085F5E7965}.Release|Any CPU.ActiveCfg = Release|Any CPU
		{1F141C3E-3DF1-44C7-9891-CB085F5E7965}.Release|Any CPU.Build.0 = Release|Any CPU
		{1F141C3E-3DF1-44C7-9891-CB085F5E7965}.Release|Any CPU.Deploy.0 = Release|Any CPU
	EndGlobalSection
	GlobalSection(SolutionProperties) = preSolution
		HideSolutionNode = FALSE
	EndGlobalSection
	GlobalSection(ExtensibilityGlobals) = postSolution
		SolutionGuid = {D580AE21-37D1-4091-9120-85EE848C0F3B}
	EndGlobalSection
EndGlobal
